// !$*UTF8*$!
{
	archiveVersion = 1;
	classes = {
	};
	objectVersion = 50;
	objects = {

/* Begin PBXBuildFile section */
		04C8DEF3223A7B1200409E50 /* AppDelegate.swift in Sources */ = {isa = PBXBuildFile; fileRef = 04C8DEF2223A7B1200409E50 /* AppDelegate.swift */; };
		04C8DEF5223A7B1200409E50 /* ViewController.swift in Sources */ = {isa = PBXBuildFile; fileRef = 04C8DEF4223A7B1200409E50 /* ViewController.swift */; };
		04C8DEF8223A7B1200409E50 /* Main.storyboard in Resources */ = {isa = PBXBuildFile; fileRef = 04C8DEF6223A7B1200409E50 /* Main.storyboard */; };
		04C8DEFA223A7B1A00409E50 /* Assets.xcassets in Resources */ = {isa = PBXBuildFile; fileRef = 04C8DEF9223A7B1A00409E50 /* Assets.xcassets */; };
		04C8DEFD223A7B1A00409E50 /* LaunchScreen.storyboard in Resources */ = {isa = PBXBuildFile; fileRef = 04C8DEFB223A7B1A00409E50 /* LaunchScreen.storyboard */; };
		04C8DF08223A7B1A00409E50 /* Bear_App_3Tests.swift in Sources */ = {isa = PBXBuildFile; fileRef = 04C8DF07223A7B1A00409E50 /* Bear_App_3Tests.swift */; };
		04C8DF13223A7B1A00409E50 /* Bear_App_3UITests.swift in Sources */ = {isa = PBXBuildFile; fileRef = 04C8DF12223A7B1A00409E50 /* Bear_App_3UITests.swift */; };
		04E19A26223F0ECE008C5859 /* 1024.png in Resources */ = {isa = PBXBuildFile; fileRef = 04E19A1A223F0ECE008C5859 /* 1024.png */; };
		04E19A27223F0ECE008C5859 /* 60.png in Resources */ = {isa = PBXBuildFile; fileRef = 04E19A1B223F0ECE008C5859 /* 60.png */; };
		04E19A28223F0ECE008C5859 /* 58.png in Resources */ = {isa = PBXBuildFile; fileRef = 04E19A1C223F0ECE008C5859 /* 58.png */; };
		04E19A29223F0ECE008C5859 /* 29.png in Resources */ = {isa = PBXBuildFile; fileRef = 04E19A1D223F0ECE008C5859 /* 29.png */; };
		04E19A2A223F0ECE008C5859 /* 114.png in Resources */ = {isa = PBXBuildFile; fileRef = 04E19A1E223F0ECE008C5859 /* 114.png */; };
		04E19A2B223F0ECE008C5859 /* 120.png in Resources */ = {isa = PBXBuildFile; fileRef = 04E19A1F223F0ECE008C5859 /* 120.png */; };
		04E19A2C223F0ECE008C5859 /* Contents.json in Resources */ = {isa = PBXBuildFile; fileRef = 04E19A20223F0ECE008C5859 /* Contents.json */; };
		04E19A2D223F0ECE008C5859 /* 180.png in Resources */ = {isa = PBXBuildFile; fileRef = 04E19A21223F0ECE008C5859 /* 180.png */; };
		04E19A2E223F0ECE008C5859 /* 57.png in Resources */ = {isa = PBXBuildFile; fileRef = 04E19A22223F0ECE008C5859 /* 57.png */; };
		04E19A2F223F0ECE008C5859 /* 80.png in Resources */ = {isa = PBXBuildFile; fileRef = 04E19A23223F0ECE008C5859 /* 80.png */; };
		04E19A30223F0ECE008C5859 /* 40.png in Resources */ = {isa = PBXBuildFile; fileRef = 04E19A24223F0ECE008C5859 /* 40.png */; };
		04E19A31223F0ECE008C5859 /* 87.png in Resources */ = {isa = PBXBuildFile; fileRef = 04E19A25223F0ECE008C5859 /* 87.png */; };
		04E19A33223F1131008C5859 /* ViewController Google Slides.swift in Sources */ = {isa = PBXBuildFile; fileRef = 04E19A32223F1131008C5859 /* ViewController Google Slides.swift */; };
		04E8BBA3224C2272006E06B0 /* ViewController LMC.swift in Sources */ = {isa = PBXBuildFile; fileRef = 04E8BBA2224C2272006E06B0 /* ViewController LMC.swift */; };
		04E8BBA5224C228B006E06B0 /* ViewController Athletics.swift in Sources */ = {isa = PBXBuildFile; fileRef = 04E8BBA4224C228B006E06B0 /* ViewController Athletics.swift */; };
		04E8BBA7224C22A5006E06B0 /* ViewController Youtube Page.swift in Sources */ = {isa = PBXBuildFile; fileRef = 04E8BBA6224C22A5006E06B0 /* ViewController Youtube Page.swift */; };
		04E8BBA9224C388D006E06B0 /* bears-1504623291mV5.jpg in Resources */ = {isa = PBXBuildFile; fileRef = 04E8BBA8224C388C006E06B0 /* bears-1504623291mV5.jpg */; };
/* End PBXBuildFile section */

/* Begin PBXContainerItemProxy section */
		04C8DF04223A7B1A00409E50 /* PBXContainerItemProxy */ = {
			isa = PBXContainerItemProxy;
			containerPortal = 04C8DEE7223A7B1200409E50 /* Project object */;
			proxyType = 1;
			remoteGlobalIDString = 04C8DEEE223A7B1200409E50;
			remoteInfo = "Bear App 3";
		};
		04C8DF0F223A7B1A00409E50 /* PBXContainerItemProxy */ = {
			isa = PBXContainerItemProxy;
			containerPortal = 04C8DEE7223A7B1200409E50 /* Project object */;
			proxyType = 1;
			remoteGlobalIDString = 04C8DEEE223A7B1200409E50;
			remoteInfo = "Bear App 3";
		};
/* End PBXContainerItemProxy section */

/* Begin PBXFileReference section */
		04C8DEEF223A7B1200409E50 /* Bear App 3.app */ = {isa = PBXFileReference; explicitFileType = wrapper.application; includeInIndex = 0; path = "Bear App 3.app"; sourceTree = BUILT_PRODUCTS_DIR; };
		04C8DEF2223A7B1200409E50 /* AppDelegate.swift */ = {isa = PBXFileReference; lastKnownFileType = sourcecode.swift; path = AppDelegate.swift; sourceTree = "<group>"; };
		04C8DEF4223A7B1200409E50 /* ViewController.swift */ = {isa = PBXFileReference; lastKnownFileType = sourcecode.swift; path = ViewController.swift; sourceTree = "<group>"; };
		04C8DEF7223A7B1200409E50 /* Base */ = {isa = PBXFileReference; lastKnownFileType = file.storyboard; name = Base; path = Base.lproj/Main.storyboard; sourceTree = "<group>"; };
		04C8DEF9223A7B1A00409E50 /* Assets.xcassets */ = {isa = PBXFileReference; lastKnownFileType = folder.assetcatalog; path = Assets.xcassets; sourceTree = "<group>"; };
		04C8DEFC223A7B1A00409E50 /* Base */ = {isa = PBXFileReference; lastKnownFileType = file.storyboard; name = Base; path = Base.lproj/LaunchScreen.storyboard; sourceTree = "<group>"; };
		04C8DEFE223A7B1A00409E50 /* Info.plist */ = {isa = PBXFileReference; lastKnownFileType = text.plist.xml; path = Info.plist; sourceTree = "<group>"; };
		04C8DF03223A7B1A00409E50 /* Bear App 3Tests.xctest */ = {isa = PBXFileReference; explicitFileType = wrapper.cfbundle; includeInIndex = 0; path = "Bear App 3Tests.xctest"; sourceTree = BUILT_PRODUCTS_DIR; };
		04C8DF07223A7B1A00409E50 /* Bear_App_3Tests.swift */ = {isa = PBXFileReference; lastKnownFileType = sourcecode.swift; path = Bear_App_3Tests.swift; sourceTree = "<group>"; };
		04C8DF09223A7B1A00409E50 /* Info.plist */ = {isa = PBXFileReference; lastKnownFileType = text.plist.xml; path = Info.plist; sourceTree = "<group>"; };
		04C8DF0E223A7B1A00409E50 /* Bear App 3UITests.xctest */ = {isa = PBXFileReference; explicitFileType = wrapper.cfbundle; includeInIndex = 0; path = "Bear App 3UITests.xctest"; sourceTree = BUILT_PRODUCTS_DIR; };
		04C8DF12223A7B1A00409E50 /* Bear_App_3UITests.swift */ = {isa = PBXFileReference; lastKnownFileType = sourcecode.swift; path = Bear_App_3UITests.swift; sourceTree = "<group>"; };
		04C8DF14223A7B1A00409E50 /* Info.plist */ = {isa = PBXFileReference; lastKnownFileType = text.plist.xml; path = Info.plist; sourceTree = "<group>"; };
		04E19A1A223F0ECE008C5859 /* 1024.png */ = {isa = PBXFileReference; lastKnownFileType = image.png; path = 1024.png; sourceTree = "<group>"; };
		04E19A1B223F0ECE008C5859 /* 60.png */ = {isa = PBXFileReference; lastKnownFileType = image.png; path = 60.png; sourceTree = "<group>"; };
		04E19A1C223F0ECE008C5859 /* 58.png */ = {isa = PBXFileReference; lastKnownFileType = image.png; path = 58.png; sourceTree = "<group>"; };
		04E19A1D223F0ECE008C5859 /* 29.png */ = {isa = PBXFileReference; lastKnownFileType = image.png; path = 29.png; sourceTree = "<group>"; };
		04E19A1E223F0ECE008C5859 /* 114.png */ = {isa = PBXFileReference; lastKnownFileType = image.png; path = 114.png; sourceTree = "<group>"; };
		04E19A1F223F0ECE008C5859 /* 120.png */ = {isa = PBXFileReference; lastKnownFileType = image.png; path = 120.png; sourceTree = "<group>"; };
		04E19A20223F0ECE008C5859 /* Contents.json */ = {isa = PBXFileReference; fileEncoding = 4; lastKnownFileType = text.json; path = Contents.json; sourceTree = "<group>"; };
		04E19A21223F0ECE008C5859 /* 180.png */ = {isa = PBXFileReference; lastKnownFileType = image.png; path = 180.png; sourceTree = "<group>"; };
		04E19A22223F0ECE008C5859 /* 57.png */ = {isa = PBXFileReference; lastKnownFileType = image.png; path = 57.png; sourceTree = "<group>"; };
		04E19A23223F0ECE008C5859 /* 80.png */ = {isa = PBXFileReference; lastKnownFileType = image.png; path = 80.png; sourceTree = "<group>"; };
		04E19A24223F0ECE008C5859 /* 40.png */ = {isa = PBXFileReference; lastKnownFileType = image.png; path = 40.png; sourceTree = "<group>"; };
		04E19A25223F0ECE008C5859 /* 87.png */ = {isa = PBXFileReference; lastKnownFileType = image.png; path = 87.png; sourceTree = "<group>"; };
		04E19A32223F1131008C5859 /* ViewController Google Slides.swift */ = {isa = PBXFileReference; lastKnownFileType = sourcecode.swift; path = "ViewController Google Slides.swift"; sourceTree = "<group>"; };
		04E8BBA2224C2272006E06B0 /* ViewController LMC.swift */ = {isa = PBXFileReference; lastKnownFileType = sourcecode.swift; path = "ViewController LMC.swift"; sourceTree = "<group>"; };
		04E8BBA4224C228B006E06B0 /* ViewController Athletics.swift */ = {isa = PBXFileReference; lastKnownFileType = sourcecode.swift; path = "ViewController Athletics.swift"; sourceTree = "<group>"; };
		04E8BBA6224C22A5006E06B0 /* ViewController Youtube Page.swift */ = {isa = PBXFileReference; lastKnownFileType = sourcecode.swift; path = "ViewController Youtube Page.swift"; sourceTree = "<group>"; };
		04E8BBA8224C388C006E06B0 /* bears-1504623291mV5.jpg */ = {isa = PBXFileReference; lastKnownFileType = image.jpeg; path = "bears-1504623291mV5.jpg"; sourceTree = "<group>"; };
/* End PBXFileReference section */

/* Begin PBXFrameworksBuildPhase section */
		04C8DEEC223A7B1200409E50 /* Frameworks */ = {
			isa = PBXFrameworksBuildPhase;
			buildActionMask = 2147483647;
			files = (
			);
			runOnlyForDeploymentPostprocessing = 0;
		};
		04C8DF00223A7B1A00409E50 /* Frameworks */ = {
			isa = PBXFrameworksBuildPhase;
			buildActionMask = 2147483647;
			files = (
			);
			runOnlyForDeploymentPostprocessing = 0;
		};
		04C8DF0B223A7B1A00409E50 /* Frameworks */ = {
			isa = PBXFrameworksBuildPhase;
			buildActionMask = 2147483647;
			files = (
			);
			runOnlyForDeploymentPostprocessing = 0;
		};
/* End PBXFrameworksBuildPhase section */

/* Begin PBXGroup section */
		04C8DEE6223A7B1200409E50 = {
			isa = PBXGroup;
			children = (
				04C8DEF1223A7B1200409E50 /* Bear App 3 */,
				04C8DF06223A7B1A00409E50 /* Bear App 3Tests */,
				04C8DF11223A7B1A00409E50 /* Bear App 3UITests */,
				04C8DEF0223A7B1200409E50 /* Products */,
				04E8BBA8224C388C006E06B0 /* bears-1504623291mV5.jpg */,
			);
			sourceTree = "<group>";
		};
		04C8DEF0223A7B1200409E50 /* Products */ = {
			isa = PBXGroup;
			children = (
				04C8DEEF223A7B1200409E50 /* Bear App 3.app */,
				04C8DF03223A7B1A00409E50 /* Bear App 3Tests.xctest */,
				04C8DF0E223A7B1A00409E50 /* Bear App 3UITests.xctest */,
			);
			name = Products;
			sourceTree = "<group>";
		};
		04C8DEF1223A7B1200409E50 /* Bear App 3 */ = {
			isa = PBXGroup;
			children = (
				04C8DEF2223A7B1200409E50 /* AppDelegate.swift */,
				04C8DEF4223A7B1200409E50 /* ViewController.swift */,
				04C8DEF6223A7B1200409E50 /* Main.storyboard */,
				04E19A32223F1131008C5859 /* ViewController Google Slides.swift */,
				04E8BBA2224C2272006E06B0 /* ViewController LMC.swift */,
				04E8BBA4224C228B006E06B0 /* ViewController Athletics.swift */,
				04E8BBA6224C22A5006E06B0 /* ViewController Youtube Page.swift */,
				04C8DEF9223A7B1A00409E50 /* Assets.xcassets */,
				04E19A19223F0ECE008C5859 /* AppIcon.appiconset */,
				04C8DEFB223A7B1A00409E50 /* LaunchScreen.storyboard */,
				04C8DEFE223A7B1A00409E50 /* Info.plist */,
			);
			path = "Bear App 3";
			sourceTree = "<group>";
		};
		04C8DF06223A7B1A00409E50 /* Bear App 3Tests */ = {
			isa = PBXGroup;
			children = (
				04C8DF07223A7B1A00409E50 /* Bear_App_3Tests.swift */,
				04C8DF09223A7B1A00409E50 /* Info.plist */,
			);
			path = "Bear App 3Tests";
			sourceTree = "<group>";
		};
		04C8DF11223A7B1A00409E50 /* Bear App 3UITests */ = {
			isa = PBXGroup;
			children = (
				04C8DF12223A7B1A00409E50 /* Bear_App_3UITests.swift */,
				04C8DF14223A7B1A00409E50 /* Info.plist */,
			);
			path = "Bear App 3UITests";
			sourceTree = "<group>";
		};
		04E19A19223F0ECE008C5859 /* AppIcon.appiconset */ = {
			isa = PBXGroup;
			children = (
				04E19A1A223F0ECE008C5859 /* 1024.png */,
				04E19A1B223F0ECE008C5859 /* 60.png */,
				04E19A1C223F0ECE008C5859 /* 58.png */,
				04E19A1D223F0ECE008C5859 /* 29.png */,
				04E19A1E223F0ECE008C5859 /* 114.png */,
				04E19A1F223F0ECE008C5859 /* 120.png */,
				04E19A20223F0ECE008C5859 /* Contents.json */,
				04E19A21223F0ECE008C5859 /* 180.png */,
				04E19A22223F0ECE008C5859 /* 57.png */,
				04E19A23223F0ECE008C5859 /* 80.png */,
				04E19A24223F0ECE008C5859 /* 40.png */,
				04E19A25223F0ECE008C5859 /* 87.png */,
			);
			path = AppIcon.appiconset;
			sourceTree = "<group>";
		};
/* End PBXGroup section */

/* Begin PBXNativeTarget section */
		04C8DEEE223A7B1200409E50 /* Bear App 3 */ = {
			isa = PBXNativeTarget;
			buildConfigurationList = 04C8DF17223A7B1A00409E50 /* Build configuration list for PBXNativeTarget "Bear App 3" */;
			buildPhases = (
				04C8DEEB223A7B1200409E50 /* Sources */,
				04C8DEEC223A7B1200409E50 /* Frameworks */,
				04C8DEED223A7B1200409E50 /* Resources */,
			);
			buildRules = (
			);
			dependencies = (
			);
			name = "Bear App 3";
			productName = "Bear App 3";
			productReference = 04C8DEEF223A7B1200409E50 /* Bear App 3.app */;
			productType = "com.apple.product-type.application";
		};
		04C8DF02223A7B1A00409E50 /* Bear App 3Tests */ = {
			isa = PBXNativeTarget;
			buildConfigurationList = 04C8DF1A223A7B1A00409E50 /* Build configuration list for PBXNativeTarget "Bear App 3Tests" */;
			buildPhases = (
				04C8DEFF223A7B1A00409E50 /* Sources */,
				04C8DF00223A7B1A00409E50 /* Frameworks */,
				04C8DF01223A7B1A00409E50 /* Resources */,
			);
			buildRules = (
			);
			dependencies = (
				04C8DF05223A7B1A00409E50 /* PBXTargetDependency */,
			);
			name = "Bear App 3Tests";
			productName = "Bear App 3Tests";
			productReference = 04C8DF03223A7B1A00409E50 /* Bear App 3Tests.xctest */;
			productType = "com.apple.product-type.bundle.unit-test";
		};
		04C8DF0D223A7B1A00409E50 /* Bear App 3UITests */ = {
			isa = PBXNativeTarget;
			buildConfigurationList = 04C8DF1D223A7B1A00409E50 /* Build configuration list for PBXNativeTarget "Bear App 3UITests" */;
			buildPhases = (
				04C8DF0A223A7B1A00409E50 /* Sources */,
				04C8DF0B223A7B1A00409E50 /* Frameworks */,
				04C8DF0C223A7B1A00409E50 /* Resources */,
			);
			buildRules = (
			);
			dependencies = (
				04C8DF10223A7B1A00409E50 /* PBXTargetDependency */,
			);
			name = "Bear App 3UITests";
			productName = "Bear App 3UITests";
			productReference = 04C8DF0E223A7B1A00409E50 /* Bear App 3UITests.xctest */;
			productType = "com.apple.product-type.bundle.ui-testing";
		};
/* End PBXNativeTarget section */

/* Begin PBXProject section */
		04C8DEE7223A7B1200409E50 /* Project object */ = {
			isa = PBXProject;
			attributes = {
				LastSwiftUpdateCheck = 1010;
				LastUpgradeCheck = 1010;
				ORGANIZATIONNAME = "Margaret Carpenter";
				TargetAttributes = {
					04C8DEEE223A7B1200409E50 = {
						CreatedOnToolsVersion = 10.1;
					};
					04C8DF02223A7B1A00409E50 = {
						CreatedOnToolsVersion = 10.1;
						TestTargetID = 04C8DEEE223A7B1200409E50;
					};
					04C8DF0D223A7B1A00409E50 = {
						CreatedOnToolsVersion = 10.1;
						TestTargetID = 04C8DEEE223A7B1200409E50;
					};
				};
			};
			buildConfigurationList = 04C8DEEA223A7B1200409E50 /* Build configuration list for PBXProject "Bear App 3" */;
			compatibilityVersion = "Xcode 9.3";
			developmentRegion = en;
			hasScannedForEncodings = 0;
			knownRegions = (
				en,
				Base,
			);
			mainGroup = 04C8DEE6223A7B1200409E50;
			productRefGroup = 04C8DEF0223A7B1200409E50 /* Products */;
			projectDirPath = "";
			projectRoot = "";
			targets = (
				04C8DEEE223A7B1200409E50 /* Bear App 3 */,
				04C8DF02223A7B1A00409E50 /* Bear App 3Tests */,
				04C8DF0D223A7B1A00409E50 /* Bear App 3UITests */,
			);
		};
/* End PBXProject section */

/* Begin PBXResourcesBuildPhase section */
		04C8DEED223A7B1200409E50 /* Resources */ = {
			isa = PBXResourcesBuildPhase;
			buildActionMask = 2147483647;
			files = (
				04E19A2F223F0ECE008C5859 /* 80.png in Resources */,
				04E19A2A223F0ECE008C5859 /* 114.png in Resources */,
				04E19A27223F0ECE008C5859 /* 60.png in Resources */,
				04E19A29223F0ECE008C5859 /* 29.png in Resources */,
				04E19A2B223F0ECE008C5859 /* 120.png in Resources */,
				04E19A31223F0ECE008C5859 /* 87.png in Resources */,
				04E19A30223F0ECE008C5859 /* 40.png in Resources */,
				04C8DEFD223A7B1A00409E50 /* LaunchScreen.storyboard in Resources */,
				04E19A2E223F0ECE008C5859 /* 57.png in Resources */,
				04E8BBA9224C388D006E06B0 /* bears-1504623291mV5.jpg in Resources */,
				04E19A2D223F0ECE008C5859 /* 180.png in Resources */,
				04E19A2C223F0ECE008C5859 /* Contents.json in Resources */,
				04C8DEFA223A7B1A00409E50 /* Assets.xcassets in Resources */,
				04E19A26223F0ECE008C5859 /* 1024.png in Resources */,
				04E19A28223F0ECE008C5859 /* 58.png in Resources */,
				04C8DEF8223A7B1200409E50 /* Main.storyboard in Resources */,
			);
			runOnlyForDeploymentPostprocessing = 0;
		};
		04C8DF01223A7B1A00409E50 /* Resources */ = {
			isa = PBXResourcesBuildPhase;
			buildActionMask = 2147483647;
			files = (
			);
			runOnlyForDeploymentPostprocessing = 0;
		};
		04C8DF0C223A7B1A00409E50 /* Resources */ = {
			isa = PBXResourcesBuildPhase;
			buildActionMask = 2147483647;
			files = (
			);
			runOnlyForDeploymentPostprocessing = 0;
		};
/* End PBXResourcesBuildPhase section */

/* Begin PBXSourcesBuildPhase section */
		04C8DEEB223A7B1200409E50 /* Sources */ = {
			isa = PBXSourcesBuildPhase;
			buildActionMask = 2147483647;
			files = (
				04E8BBA5224C228B006E06B0 /* ViewController Athletics.swift in Sources */,
				04E8BBA7224C22A5006E06B0 /* ViewController Youtube Page.swift in Sources */,
				04E19A33223F1131008C5859 /* ViewController Google Slides.swift in Sources */,
				04C8DEF5223A7B1200409E50 /* ViewController.swift in Sources */,
				04E8BBA3224C2272006E06B0 /* ViewController LMC.swift in Sources */,
				04C8DEF3223A7B1200409E50 /* AppDelegate.swift in Sources */,
			);
			runOnlyForDeploymentPostprocessing = 0;
		};
		04C8DEFF223A7B1A00409E50 /* Sources */ = {
			isa = PBXSourcesBuildPhase;
			buildActionMask = 2147483647;
			files = (
				04C8DF08223A7B1A00409E50 /* Bear_App_3Tests.swift in Sources */,
			);
			runOnlyForDeploymentPostprocessing = 0;
		};
		04C8DF0A223A7B1A00409E50 /* Sources */ = {
			isa = PBXSourcesBuildPhase;
			buildActionMask = 2147483647;
			files = (
				04C8DF13223A7B1A00409E50 /* Bear_App_3UITests.swift in Sources */,
			);
			runOnlyForDeploymentPostprocessing = 0;
		};
/* End PBXSourcesBuildPhase section */

/* Begin PBXTargetDependency section */
		04C8DF05223A7B1A00409E50 /* PBXTargetDependency */ = {
			isa = PBXTargetDependency;
			target = 04C8DEEE223A7B1200409E50 /* Bear App 3 */;
			targetProxy = 04C8DF04223A7B1A00409E50 /* PBXContainerItemProxy */;
		};
		04C8DF10223A7B1A00409E50 /* PBXTargetDependency */ = {
			isa = PBXTargetDependency;
			target = 04C8DEEE223A7B1200409E50 /* Bear App 3 */;
			targetProxy = 04C8DF0F223A7B1A00409E50 /* PBXContainerItemProxy */;
		};
/* End PBXTargetDependency section */

/* Begin PBXVariantGroup section */
		04C8DEF6223A7B1200409E50 /* Main.storyboard */ = {
			isa = PBXVariantGroup;
			children = (
				04C8DEF7223A7B1200409E50 /* Base */,
			);
			name = Main.storyboard;
			sourceTree = "<group>";
		};
		04C8DEFB223A7B1A00409E50 /* LaunchScreen.storyboard */ = {
			isa = PBXVariantGroup;
			children = (
				04C8DEFC223A7B1A00409E50 /* Base */,
			);
			name = LaunchScreen.storyboard;
			sourceTree = "<group>";
		};
/* End PBXVariantGroup section */

/* Begin XCBuildConfiguration section */
		04C8DF15223A7B1A00409E50 /* Debug */ = {
			isa = XCBuildConfiguration;
			buildSettings = {
				ALWAYS_SEARCH_USER_PATHS = NO;
				CLANG_ANALYZER_NONNULL = YES;
				CLANG_ANALYZER_NUMBER_OBJECT_CONVERSION = YES_AGGRESSIVE;
				CLANG_CXX_LANGUAGE_STANDARD = "gnu++14";
				CLANG_CXX_LIBRARY = "libc++";
				CLANG_ENABLE_MODULES = YES;
				CLANG_ENABLE_OBJC_ARC = YES;
				CLANG_ENABLE_OBJC_WEAK = YES;
				CLANG_WARN_BLOCK_CAPTURE_AUTORELEASING = YES;
				CLANG_WARN_BOOL_CONVERSION = YES;
				CLANG_WARN_COMMA = YES;
				CLANG_WARN_CONSTANT_CONVERSION = YES;
				CLANG_WARN_DEPRECATED_OBJC_IMPLEMENTATIONS = YES;
				CLANG_WARN_DIRECT_OBJC_ISA_USAGE = YES_ERROR;
				CLANG_WARN_DOCUMENTATION_COMMENTS = YES;
				CLANG_WARN_EMPTY_BODY = YES;
				CLANG_WARN_ENUM_CONVERSION = YES;
				CLANG_WARN_INFINITE_RECURSION = YES;
				CLANG_WARN_INT_CONVERSION = YES;
				CLANG_WARN_NON_LITERAL_NULL_CONVERSION = YES;
				CLANG_WARN_OBJC_IMPLICIT_RETAIN_SELF = YES;
				CLANG_WARN_OBJC_LITERAL_CONVERSION = YES;
				CLANG_WARN_OBJC_ROOT_CLASS = YES_ERROR;
				CLANG_WARN_RANGE_LOOP_ANALYSIS = YES;
				CLANG_WARN_STRICT_PROTOTYPES = YES;
				CLANG_WARN_SUSPICIOUS_MOVE = YES;
				CLANG_WARN_UNGUARDED_AVAILABILITY = YES_AGGRESSIVE;
				CLANG_WARN_UNREACHABLE_CODE = YES;
				CLANG_WARN__DUPLICATE_METHOD_MATCH = YES;
				CODE_SIGN_IDENTITY = "iPhone Developer";
				COPY_PHASE_STRIP = NO;
				DEBUG_INFORMATION_FORMAT = dwarf;
				ENABLE_STRICT_OBJC_MSGSEND = YES;
				ENABLE_TESTABILITY = YES;
				GCC_C_LANGUAGE_STANDARD = gnu11;
				GCC_DYNAMIC_NO_PIC = NO;
				GCC_NO_COMMON_BLOCKS = YES;
				GCC_OPTIMIZATION_LEVEL = 0;
				GCC_PREPROCESSOR_DEFINITIONS = (
					"DEBUG=1",
					"$(inherited)",
				);
				GCC_WARN_64_TO_32_BIT_CONVERSION = YES;
				GCC_WARN_ABOUT_RETURN_TYPE = YES_ERROR;
				GCC_WARN_UNDECLARED_SELECTOR = YES;
				GCC_WARN_UNINITIALIZED_AUTOS = YES_AGGRESSIVE;
				GCC_WARN_UNUSED_FUNCTION = YES;
				GCC_WARN_UNUSED_VARIABLE = YES;
				IPHONEOS_DEPLOYMENT_TARGET = 12.1;
				MTL_ENABLE_DEBUG_INFO = INCLUDE_SOURCE;
				MTL_FAST_MATH = YES;
				ONLY_ACTIVE_ARCH = YES;
				SDKROOT = iphoneos;
				SWIFT_ACTIVE_COMPILATION_CONDITIONS = DEBUG;
				SWIFT_OPTIMIZATION_LEVEL = "-Onone";
			};
			name = Debug;
		};
		04C8DF16223A7B1A00409E50 /* Release */ = {
			isa = XCBuildConfiguration;
			buildSettings = {
				ALWAYS_SEARCH_USER_PATHS = NO;
				CLANG_ANALYZER_NONNULL = YES;
				CLANG_ANALYZER_NUMBER_OBJECT_CONVERSION = YES_AGGRESSIVE;
				CLANG_CXX_LANGUAGE_STANDARD = "gnu++14";
				CLANG_CXX_LIBRARY = "libc++";
				CLANG_ENABLE_MODULES = YES;
				CLANG_ENABLE_OBJC_ARC = YES;
				CLANG_ENABLE_OBJC_WEAK = YES;
				CLANG_WARN_BLOCK_CAPTURE_AUTORELEASING = YES;
				CLANG_WARN_BOOL_CONVERSION = YES;
				CLANG_WARN_COMMA = YES;
				CLANG_WARN_CONSTANT_CONVERSION = YES;
				CLANG_WARN_DEPRECATED_OBJC_IMPLEMENTATIONS = YES;
				CLANG_WARN_DIRECT_OBJC_ISA_USAGE = YES_ERROR;
				CLANG_WARN_DOCUMENTATION_COMMENTS = YES;
				CLANG_WARN_EMPTY_BODY = YES;
				CLANG_WARN_ENUM_CONVERSION = YES;
				CLANG_WARN_INFINITE_RECURSION = YES;
				CLANG_WARN_INT_CONVERSION = YES;
				CLANG_WARN_NON_LITERAL_NULL_CONVERSION = YES;
				CLANG_WARN_OBJC_IMPLICIT_RETAIN_SELF = YES;
				CLANG_WARN_OBJC_LITERAL_CONVERSION = YES;
				CLANG_WARN_OBJC_ROOT_CLASS = YES_ERROR;
				CLANG_WARN_RANGE_LOOP_ANALYSIS = YES;
				CLANG_WARN_STRICT_PROTOTYPES = YES;
				CLANG_WARN_SUSPICIOUS_MOVE = YES;
				CLANG_WARN_UNGUARDED_AVAILABILITY = YES_AGGRESSIVE;
				CLANG_WARN_UNREACHABLE_CODE = YES;
				CLANG_WARN__DUPLICATE_METHOD_MATCH = YES;
				CODE_SIGN_IDENTITY = "iPhone Developer";
				COPY_PHASE_STRIP = NO;
				DEBUG_INFORMATION_FORMAT = "dwarf-with-dsym";
				ENABLE_NS_ASSERTIONS = NO;
				ENABLE_STRICT_OBJC_MSGSEND = YES;
				GCC_C_LANGUAGE_STANDARD = gnu11;
				GCC_NO_COMMON_BLOCKS = YES;
				GCC_WARN_64_TO_32_BIT_CONVERSION = YES;
				GCC_WARN_ABOUT_RETURN_TYPE = YES_ERROR;
				GCC_WARN_UNDECLARED_SELECTOR = YES;
				GCC_WARN_UNINITIALIZED_AUTOS = YES_AGGRESSIVE;
				GCC_WARN_UNUSED_FUNCTION = YES;
				GCC_WARN_UNUSED_VARIABLE = YES;
				IPHONEOS_DEPLOYMENT_TARGET = 12.1;
				MTL_ENABLE_DEBUG_INFO = NO;
				MTL_FAST_MATH = YES;
				SDKROOT = iphoneos;
				SWIFT_COMPILATION_MODE = wholemodule;
				SWIFT_OPTIMIZATION_LEVEL = "-O";
				VALIDATE_PRODUCT = YES;
			};
			name = Release;
		};
		04C8DF18223A7B1A00409E50 /* Debug */ = {
			isa = XCBuildConfiguration;
			buildSettings = {
				ASSETCATALOG_COMPILER_APPICON_NAME = "AppIcon-1";
				CODE_SIGN_STYLE = Automatic;
				DEVELOPMENT_TEAM = YRT3QMZXYM;
				INFOPLIST_FILE = "Bear App 3/Info.plist";
				LD_RUNPATH_SEARCH_PATHS = (
					"$(inherited)",
					"@executable_path/Frameworks",
				);
				PRODUCT_BUNDLE_IDENTIFIER = "mhc.Bear-App-3";
				PRODUCT_NAME = "$(TARGET_NAME)";
				SWIFT_VERSION = 4.2;
				TARGETED_DEVICE_FAMILY = 1;
			};
			name = Debug;
		};
		04C8DF19223A7B1A00409E50 /* Release */ = {
			isa = XCBuildConfiguration;
			buildSettings = {
				ASSETCATALOG_COMPILER_APPICON_NAME = "AppIcon-1";
				CODE_SIGN_STYLE = Automatic;
				DEVELOPMENT_TEAM = YRT3QMZXYM;
				INFOPLIST_FILE = "Bear App 3/Info.plist";
				LD_RUNPATH_SEARCH_PATHS = (
					"$(inherited)",
					"@executable_path/Frameworks",
				);
				PRODUCT_BUNDLE_IDENTIFIER = "mhc.Bear-App-3";
				PRODUCT_NAME = "$(TARGET_NAME)";
				SWIFT_VERSION = 4.2;
				TARGETED_DEVICE_FAMILY = 1;
			};
			name = Release;
		};
		04C8DF1B223A7B1A00409E50 /* Debug */ = {
			isa = XCBuildConfiguration;
			buildSettings = {
				ALWAYS_EMBED_SWIFT_STANDARD_LIBRARIES = YES;
				BUNDLE_LOADER = "$(TEST_HOST)";
				CODE_SIGN_STYLE = Automatic;
				DEVELOPMENT_TEAM = YRT3QMZXYM;
				INFOPLIST_FILE = "Bear App 3Tests/Info.plist";
				LD_RUNPATH_SEARCH_PATHS = (
					"$(inherited)",
					"@executable_path/Frameworks",
					"@loader_path/Frameworks",
				);
				PRODUCT_BUNDLE_IDENTIFIER = "mhc.Bear-App-3Tests";
				PRODUCT_NAME = "$(TARGET_NAME)";
				SWIFT_VERSION = 4.2;
				TARGETED_DEVICE_FAMILY = "1,2";
				TEST_HOST = "$(BUILT_PRODUCTS_DIR)/Bear App 3.app/Bear App 3";
			};
			name = Debug;
		};
		04C8DF1C223A7B1A00409E50 /* Release */ = {
			isa = XCBuildConfiguration;
			buildSettings = {
				ALWAYS_EMBED_SWIFT_STANDARD_LIBRARIES = YES;
				BUNDLE_LOADER = "$(TEST_HOST)";
				CODE_SIGN_STYLE = Automatic;
				DEVELOPMENT_TEAM = YRT3QMZXYM;
				INFOPLIST_FILE = "Bear App 3Tests/Info.plist";
				LD_RUNPATH_SEARCH_PATHS = (
					"$(inherited)",
					"@executable_path/Frameworks",
					"@loader_path/Frameworks",
				);
				PRODUCT_BUNDLE_IDENTIFIER = "mhc.Bear-App-3Tests";
				PRODUCT_NAME = "$(TARGET_NAME)";
				SWIFT_VERSION = 4.2;
				TARGETED_DEVICE_FAMILY = "1,2";
				TEST_HOST = "$(BUILT_PRODUCTS_DIR)/Bear App 3.app/Bear App 3";
			};
			name = Release;
		};
		04C8DF1E223A7B1A00409E50 /* Debug */ = {
			isa = XCBuildConfiguration;
			buildSettings = {
				ALWAYS_EMBED_SWIFT_STANDARD_LIBRARIES = YES;
				CODE_SIGN_STYLE = Automatic;
				DEVELOPMENT_TEAM = YRT3QMZXYM;
				INFOPLIST_FILE = "Bear App 3UITests/Info.plist";
				LD_RUNPATH_SEARCH_PATHS = (
					"$(inherited)",
					"@executable_path/Frameworks",
					"@loader_path/Frameworks",
				);
				PRODUCT_BUNDLE_IDENTIFIER = "mhc.Bear-App-3UITests";
				PRODUCT_NAME = "$(TARGET_NAME)";
				SWIFT_VERSION = 4.2;
				TARGETED_DEVICE_FAMILY = "1,2";
				TEST_TARGET_NAME = "Bear App 3";
			};
			name = Debug;
		};
		04C8DF1F223A7B1A00409E50 /* Release */ = {
			isa = XCBuildConfiguration;
			buildSettings = {
				ALWAYS_EMBED_SWIFT_STANDARD_LIBRARIES = YES;
				CODE_SIGN_STYLE = Automatic;
				DEVELOPMENT_TEAM = YRT3QMZXYM;
				INFOPLIST_FILE = "Bear App 3UITests/Info.plist";
				LD_RUNPATH_SEARCH_PATHS = (
					"$(inherited)",
					"@executable_path/Frameworks",
					"@loader_path/Frameworks",
				);
				PRODUCT_BUNDLE_IDENTIFIER = "mhc.Bear-App-3UITests";
				PRODUCT_NAME = "$(TARGET_NAME)";
				SWIFT_VERSION = 4.2;
				TARGETED_DEVICE_FAMILY = "1,2";
				TEST_TARGET_NAME = "Bear App 3";
			};
			name = Release;
		};
/* End XCBuildConfiguration section */

/* Begin XCConfigurationList section */
		04C8DEEA223A7B1200409E50 /* Build configuration list for PBXProject "Bear App 3" */ = {
			isa = XCConfigurationList;
			buildConfigurations = (
				04C8DF15223A7B1A00409E50 /* Debug */,
				04C8DF16223A7B1A00409E50 /* Release */,
			);
			defaultConfigurationIsVisible = 0;
			defaultConfigurationName = Release;
		};
		04C8DF17223A7B1A00409E50 /* Build configuration list for PBXNativeTarget "Bear App 3" */ = {
			isa = XCConfigurationList;
			buildConfigurations = (
				04C8DF18223A7B1A00409E50 /* Debug */,
				04C8DF19223A7B1A00409E50 /* Release */,
			);
			defaultConfigurationIsVisible = 0;
			defaultConfigurationName = Release;
		};
		04C8DF1A223A7B1A00409E50 /* Build configuration list for PBXNativeTarget "Bear App 3Tests" */ = {
			isa = XCConfigurationList;
			buildConfigurations = (
				04C8DF1B223A7B1A00409E50 /* Debug */,
				04C8DF1C223A7B1A00409E50 /* Release */,
			);
			defaultConfigurationIsVisible = 0;
			defaultConfigurationName = Release;
		};
		04C8DF1D223A7B1A00409E50 /* Build configuration list for PBXNativeTarget "Bear App 3UITests" */ = {
			isa = XCConfigurationList;
			buildConfigurations = (
				04C8DF1E223A7B1A00409E50 /* Debug */,
				04C8DF1F223A7B1A00409E50 /* Release */,
			);
			defaultConfigurationIsVisible = 0;
			defaultConfigurationName = Release;
		};
/* End XCConfigurationList section */
	};
	rootObject = 04C8DEE7223A7B1200409E50 /* Project object */;
}
